
Microsoft Visual Studio Solution File, Format Version 12.00
# Visual Studio Version 16
VisualStudioVersion = 16.0.30001.183
MinimumVisualStudioVersion = 10.0.40219.1
Project("{9A19103F-16F7-4668-BE54-9A1E7A4F7556}") = "GameOfLife.Lib", "GameOfLife.Lib\GameOfLife.Lib.csproj", "{4E5910E3-2E52-4211-AD3E-9B3BE6DEB741}"
EndProject
Project("{9A19103F-16F7-4668-BE54-9A1E7A4F7556}") = "GameOfLife.Lib.XUnit", "GameOfLife.Lib.XUnit\GameOfLife.Lib.XUnit.csproj", "{1BF4DF09-641E-4664-87F8-01C8B8C67672}"
EndProject
Project("{2150E333-8FDC-42A3-9474-1A3956D46DE8}") = "Solution Items", "Solution Items", "{45C42CE0-8BF7-49ED-82EA-F36704BEE51A}"
	ProjectSection(SolutionItems) = preProject
		.editorconfig = .editorconfig
		azure-pipelines.yml = azure-pipelines.yml
	EndProjectSection
EndProject
Project("{9A19103F-16F7-4668-BE54-9A1E7A4F7556}") = "GameOfLife.Console", "GameOfLife.Console\GameOfLife.Console.csproj", "{429CB637-C724-4D1D-9849-C2C66820241C}"
EndProject
Project("{FAE04EC0-301F-11D3-BF4B-00C04F79EFBC}") = "Game.Lib", "Game.Lib\Game.Lib.csproj", "{4905DA40-E880-42E7-B68F-4C5F1FCAF82D}"
EndProject
Global
	GlobalSection(SolutionConfigurationPlatforms) = preSolution
		Debug|Any CPU = Debug|Any CPU
		Release|Any CPU = Release|Any CPU
	EndGlobalSection
	GlobalSection(ProjectConfigurationPlatforms) = postSolution
		{4E5910E3-2E52-4211-AD3E-9B3BE6DEB741}.Debug|Any CPU.ActiveCfg = Debug|Any CPU
		{4E5910E3-2E52-4211-AD3E-9B3BE6DEB741}.Debug|Any CPU.Build.0 = Debug|Any CPU
		{4E5910E3-2E52-4211-AD3E-9B3BE6DEB741}.Release|Any CPU.ActiveCfg = Release|Any CPU
		{4E5910E3-2E52-4211-AD3E-9B3BE6DEB741}.Release|Any CPU.Build.0 = Release|Any CPU
		{1BF4DF09-641E-4664-87F8-01C8B8C67672}.Debug|Any CPU.ActiveCfg = Debug|Any CPU
		{1BF4DF09-641E-4664-87F8-01C8B8C67672}.Debug|Any CPU.Build.0 = Debug|Any CPU
		{1BF4DF09-641E-4664-87F8-01C8B8C67672}.Release|Any CPU.ActiveCfg = Release|Any CPU
		{1BF4DF09-641E-4664-87F8-01C8B8C67672}.Release|Any CPU.Build.0 = Release|Any CPU
		{429CB637-C724-4D1D-9849-C2C66820241C}.Debug|Any CPU.ActiveCfg = Debug|Any CPU
		{429CB637-C724-4D1D-9849-C2C66820241C}.Debug|Any CPU.Build.0 = Debug|Any CPU
		{429CB637-C724-4D1D-9849-C2C66820241C}.Release|Any CPU.ActiveCfg = Release|Any CPU
		{429CB637-C724-4D1D-9849-C2C66820241C}.Release|Any CPU.Build.0 = Release|Any CPU
		{4905DA40-E880-42E7-B68F-4C5F1FCAF82D}.Debug|Any CPU.ActiveCfg = Debug|Any CPU
		{4905DA40-E880-42E7-B68F-4C5F1FCAF82D}.Debug|Any CPU.Build.0 = Debug|Any CPU
		{4905DA40-E880-42E7-B68F-4C5F1FCAF82D}.Release|Any CPU.ActiveCfg = Release|Any CPU
		{4905DA40-E880-42E7-B68F-4C5F1FCAF82D}.Release|Any CPU.Build.0 = Release|Any CPU
	EndGlobalSection
	GlobalSection(SolutionProperties) = preSolution
		HideSolutionNode = FALSE
	EndGlobalSection
	GlobalSection(ExtensibilityGlobals) = postSolution
		SolutionGuid = {61CE81DA-B7A9-4395-B63A-018DD5B743FD}
	EndGlobalSection
EndGlobal
